
Microsoft Visual Studio Solution File, Format Version 12.00
# Visual Studio Version 16
VisualStudioVersion = 16.0.30907.101
MinimumVisualStudioVersion = 10.0.40219.1
Project("{FAE04EC0-301F-11D3-BF4B-00C04F79EFBC}") = "ProgramaTres", "ProgramaTres\ProgramaTres.csproj", "{D3541240-117C-412D-8DE3-C6E312BF1E85}"
EndProject
Global
	GlobalSection(SolutionConfigurationPlatforms) = preSolution
		Debug|Any CPU = Debug|Any CPU
		Release|Any CPU = Release|Any CPU
	EndGlobalSection
	GlobalSection(ProjectConfigurationPlatforms) = postSolution
		{D3541240-117C-412D-8DE3-C6E312BF1E85}.Debug|Any CPU.ActiveCfg = Debug|Any CPU
		{D3541240-117C-412D-8DE3-C6E312BF1E85}.Debug|Any CPU.Build.0 = Debug|Any CPU
		{D3541240-117C-412D-8DE3-C6E312BF1E85}.Release|Any CPU.ActiveCfg = Release|Any CPU
		{D3541240-117C-412D-8DE3-C6E312BF1E85}.Release|Any CPU.Build.0 = Release|Any CPU
	EndGlobalSection
	GlobalSection(SolutionProperties) = preSolution
		HideSolutionNode = FALSE
	EndGlobalSection
	GlobalSection(ExtensibilityGlobals) = postSolution
		SolutionGuid = {E0F5FA51-8A5E-4FF1-B503-90942EED614C}
	EndGlobalSection
EndGlobal
